
Microsoft Visual Studio Solution File, Format Version 12.00
# Visual Studio Version 16
VisualStudioVersion = 16.0.30621.155
MinimumVisualStudioVersion = 10.0.40219.1
Project("{FAE04EC0-301F-11D3-BF4B-00C04F79EFBC}") = "BasicFlaskRoutine", "BasicFlaskRoutine.csproj", "{4EBA974C-AC8C-42A5-B8EE-5AD318B6D961}"
EndProject
Global
	GlobalSection(SolutionConfigurationPlatforms) = preSolution
		Debug|Any CPU = Debug|Any CPU
		Release|Any CPU = Release|Any CPU
	EndGlobalSection
	GlobalSection(ProjectConfigurationPlatforms) = postSolution
		{4EBA974C-AC8C-42A5-B8EE-5AD318B6D961}.Debug|Any CPU.ActiveCfg = Debug|Any CPU
		{4EBA974C-AC8C-42A5-B8EE-5AD318B6D961}.Debug|Any CPU.Build.0 = Debug|Any CPU
		{4EBA974C-AC8C-42A5-B8EE-5AD318B6D961}.Release|Any CPU.ActiveCfg = Release|Any CPU
		{4EBA974C-AC8C-42A5-B8EE-5AD318B6D961}.Release|Any CPU.Build.0 = Release|Any CPU
	EndGlobalSection
	GlobalSection(SolutionProperties) = preSolution
		HideSolutionNode = FALSE
	EndGlobalSection
	GlobalSection(ExtensibilityGlobals) = postSolution
		SolutionGuid = {A0EAAE0E-C9D8-4025-B0AD-C0F41E743AE4}
	EndGlobalSection
EndGlobal
